
Microsoft Visual Studio Solution File, Format Version 12.00
# Visual Studio 14
VisualStudioVersion = 14.0.25420.1
MinimumVisualStudioVersion = 10.0.40219.1
Project("{FAE04EC0-301F-11D3-BF4B-00C04F79EFBC}") = "ResotelApp", "ResotelApp\ResotelApp.csproj", "{6DD496F0-198E-4646-95E4-69E0A8EB4D7F}"
EndProject
Project("{2150E333-8FDC-42A3-9474-1A3956D46DE8}") = "Solution Items", "Solution Items", "{89BC6070-73A9-4E07-ADBD-8CEF7830C5B1}"
	ProjectSection(SolutionItems) = preProject
		LICENSE = LICENSE
	EndProjectSection
EndProject
Project("{FAE04EC0-301F-11D3-BF4B-00C04F79EFBC}") = "CollipsibleMenuAndPanels", "CollipsibleMenuAndPanels\CollipsibleMenuAndPanels.csproj", "{4AF57C6D-C114-460F-A405-3CE5C666F998}"
EndProject
Project("{FAE04EC0-301F-11D3-BF4B-00C04F79EFBC}") = "CustomControlsTest", "CustomControlsTest\CustomControlsTest.csproj", "{8E17BD3C-3E05-47C6-8196-22A8A6E6CCB0}"
EndProject
Global
	GlobalSection(SolutionConfigurationPlatforms) = preSolution
		Debug|Any CPU = Debug|Any CPU
		Release|Any CPU = Release|Any CPU
	EndGlobalSection
	GlobalSection(ProjectConfigurationPlatforms) = postSolution
		{6DD496F0-198E-4646-95E4-69E0A8EB4D7F}.Debug|Any CPU.ActiveCfg = Debug|Any CPU
		{6DD496F0-198E-4646-95E4-69E0A8EB4D7F}.Debug|Any CPU.Build.0 = Debug|Any CPU
		{6DD496F0-198E-4646-95E4-69E0A8EB4D7F}.Release|Any CPU.ActiveCfg = Release|Any CPU
		{6DD496F0-198E-4646-95E4-69E0A8EB4D7F}.Release|Any CPU.Build.0 = Release|Any CPU
		{4AF57C6D-C114-460F-A405-3CE5C666F998}.Debug|Any CPU.ActiveCfg = Debug|Any CPU
		{4AF57C6D-C114-460F-A405-3CE5C666F998}.Debug|Any CPU.Build.0 = Debug|Any CPU
		{4AF57C6D-C114-460F-A405-3CE5C666F998}.Release|Any CPU.ActiveCfg = Release|Any CPU
		{4AF57C6D-C114-460F-A405-3CE5C666F998}.Release|Any CPU.Build.0 = Release|Any CPU
		{8E17BD3C-3E05-47C6-8196-22A8A6E6CCB0}.Debug|Any CPU.ActiveCfg = Debug|Any CPU
		{8E17BD3C-3E05-47C6-8196-22A8A6E6CCB0}.Debug|Any CPU.Build.0 = Debug|Any CPU
		{8E17BD3C-3E05-47C6-8196-22A8A6E6CCB0}.Release|Any CPU.ActiveCfg = Release|Any CPU
		{8E17BD3C-3E05-47C6-8196-22A8A6E6CCB0}.Release|Any CPU.Build.0 = Release|Any CPU
	EndGlobalSection
	GlobalSection(SolutionProperties) = preSolution
		HideSolutionNode = FALSE
	EndGlobalSection
EndGlobal
